
Microsoft Visual Studio Solution File, Format Version 12.00
# Visual Studio 15
VisualStudioVersion = 15.0.27703.2042
MinimumVisualStudioVersion = 10.0.40219.1
Project("{FAE04EC0-301F-11D3-BF4B-00C04F79EFBC}") = "wm-mvc", "wm-mvc\wm-mvc.csproj", "{DCF752E5-E92F-4D6E-8FA1-A75EF22FBBB6}"
EndProject
Global
	GlobalSection(SolutionConfigurationPlatforms) = preSolution
		Debug|Any CPU = Debug|Any CPU
		Release|Any CPU = Release|Any CPU
	EndGlobalSection
	GlobalSection(ProjectConfigurationPlatforms) = postSolution
		{DCF752E5-E92F-4D6E-8FA1-A75EF22FBBB6}.Debug|Any CPU.ActiveCfg = Debug|Any CPU
		{DCF752E5-E92F-4D6E-8FA1-A75EF22FBBB6}.Debug|Any CPU.Build.0 = Debug|Any CPU
		{DCF752E5-E92F-4D6E-8FA1-A75EF22FBBB6}.Release|Any CPU.ActiveCfg = Release|Any CPU
		{DCF752E5-E92F-4D6E-8FA1-A75EF22FBBB6}.Release|Any CPU.Build.0 = Release|Any CPU
	EndGlobalSection
	GlobalSection(SolutionProperties) = preSolution
		HideSolutionNode = FALSE
	EndGlobalSection
	GlobalSection(ExtensibilityGlobals) = postSolution
		SolutionGuid = {AE9EDBDD-1B70-4CCF-B175-77E02BE75636}
	EndGlobalSection
EndGlobal
